
Microsoft Visual Studio Solution File, Format Version 11.00
# Visual Studio 2010
Project("{8BC9CEB8-8B4A-11D0-8D11-00A0C91BC942}") = "剑指offer5", "剑指offer5\剑指offer5.vcxproj", "{5C14C883-D8A5-498A-8794-5F8E6E39EFDB}"
EndProject
Global
	GlobalSection(SolutionConfigurationPlatforms) = preSolution
		Debug|Win32 = Debug|Win32
		Release|Win32 = Release|Win32
	EndGlobalSection
	GlobalSection(ProjectConfigurationPlatforms) = postSolution
		{5C14C883-D8A5-498A-8794-5F8E6E39EFDB}.Debug|Win32.ActiveCfg = Debug|Win32
		{5C14C883-D8A5-498A-8794-5F8E6E39EFDB}.Debug|Win32.Build.0 = Debug|Win32
		{5C14C883-D8A5-498A-8794-5F8E6E39EFDB}.Release|Win32.ActiveCfg = Release|Win32
		{5C14C883-D8A5-498A-8794-5F8E6E39EFDB}.Release|Win32.Build.0 = Release|Win32
	EndGlobalSection
	GlobalSection(SolutionProperties) = preSolution
		HideSolutionNode = FALSE
	EndGlobalSection
EndGlobal
