
Microsoft Visual Studio Solution File, Format Version 11.00
# Visual Studio 2010
Project("{8BC9CEB8-8B4A-11D0-8D11-00A0C91BC942}") = "剑指offer1", "剑指offer1\剑指offer1.vcxproj", "{9455CB54-EF0B-4CBB-BB94-5BAED8377422}"
EndProject
Global
	GlobalSection(SolutionConfigurationPlatforms) = preSolution
		Debug|Win32 = Debug|Win32
		Release|Win32 = Release|Win32
	EndGlobalSection
	GlobalSection(ProjectConfigurationPlatforms) = postSolution
		{9455CB54-EF0B-4CBB-BB94-5BAED8377422}.Debug|Win32.ActiveCfg = Debug|Win32
		{9455CB54-EF0B-4CBB-BB94-5BAED8377422}.Debug|Win32.Build.0 = Debug|Win32
		{9455CB54-EF0B-4CBB-BB94-5BAED8377422}.Release|Win32.ActiveCfg = Release|Win32
		{9455CB54-EF0B-4CBB-BB94-5BAED8377422}.Release|Win32.Build.0 = Release|Win32
	EndGlobalSection
	GlobalSection(SolutionProperties) = preSolution
		HideSolutionNode = FALSE
	EndGlobalSection
EndGlobal
